// !$*UTF8*$!
{
	archiveVersion = 1;
	classes = {
	};
	objectVersion = 46;
	objects = {

/* Begin PBXBuildFile section */
		B63E30621CD91FD900842E68 /* AppDelegate.swift in Sources */ = {isa = PBXBuildFile; fileRef = B63E30611CD91FD900842E68 /* AppDelegate.swift */; };
		B63E30671CD91FDA00842E68 /* Main.storyboard in Resources */ = {isa = PBXBuildFile; fileRef = B63E30651CD91FDA00842E68 /* Main.storyboard */; };
		B63E30691CD91FDA00842E68 /* Assets.xcassets in Resources */ = {isa = PBXBuildFile; fileRef = B63E30681CD91FDA00842E68 /* Assets.xcassets */; };
		B63E306C1CD91FDA00842E68 /* LaunchScreen.storyboard in Resources */ = {isa = PBXBuildFile; fileRef = B63E306A1CD91FDA00842E68 /* LaunchScreen.storyboard */; };
		B63E30771CD91FDA00842E68 /* DreamFactoryEZTests.swift in Sources */ = {isa = PBXBuildFile; fileRef = B63E30761CD91FDA00842E68 /* DreamFactoryEZTests.swift */; };
		B6BE3C1C1CDA661E00B15BEB /* SignInViewController.swift in Sources */ = {isa = PBXBuildFile; fileRef = B6BE3C1A1CDA661E00B15BEB /* SignInViewController.swift */; };
		B6BE3C1D1CDA661E00B15BEB /* ContactsViewController.swift in Sources */ = {isa = PBXBuildFile; fileRef = B6BE3C1B1CDA661E00B15BEB /* ContactsViewController.swift */; };
		B6BE3C201CDA665C00B15BEB /* RESTClient.swift in Sources */ = {isa = PBXBuildFile; fileRef = B6BE3C1F1CDA665C00B15BEB /* RESTClient.swift */; };
		B6BE3C271CDA66A500B15BEB /* ContactDetailRecord.swift in Sources */ = {isa = PBXBuildFile; fileRef = B6BE3C241CDA66A500B15BEB /* ContactDetailRecord.swift */; };
		B6BE3C281CDA66A500B15BEB /* ContactRecord.swift in Sources */ = {isa = PBXBuildFile; fileRef = B6BE3C251CDA66A500B15BEB /* ContactRecord.swift */; };
		B6BE3C291CDA66A500B15BEB /* GroupRecord.swift in Sources */ = {isa = PBXBuildFile; fileRef = B6BE3C261CDA66A500B15BEB /* GroupRecord.swift */; };
		B6BE3C2B1CDA686B00B15BEB /* JSON.swift in Sources */ = {isa = PBXBuildFile; fileRef = B6BE3C2A1CDA686B00B15BEB /* JSON.swift */; };
		B6FCB6DE1CDB653000E1728C /* DataAccess.swift in Sources */ = {isa = PBXBuildFile; fileRef = B6FCB6DD1CDB653000E1728C /* DataAccess.swift */; };
/* End PBXBuildFile section */

/* Begin PBXContainerItemProxy section */
		B63E30731CD91FDA00842E68 /* PBXContainerItemProxy */ = {
			isa = PBXContainerItemProxy;
			containerPortal = B63E30561CD91FD900842E68 /* Project object */;
			proxyType = 1;
			remoteGlobalIDString = B63E305D1CD91FD900842E68;
			remoteInfo = DreamFactoryEZ;
		};
/* End PBXContainerItemProxy section */

/* Begin PBXFileReference section */
		B63E305E1CD91FD900842E68 /* DreamFactoryEZ.app */ = {isa = PBXFileReference; explicitFileType = wrapper.application; includeInIndex = 0; path = DreamFactoryEZ.app; sourceTree = BUILT_PRODUCTS_DIR; };
		B63E30611CD91FD900842E68 /* AppDelegate.swift */ = {isa = PBXFileReference; lastKnownFileType = sourcecode.swift; path = AppDelegate.swift; sourceTree = "<group>"; };
		B63E30661CD91FDA00842E68 /* Base */ = {isa = PBXFileReference; lastKnownFileType = file.storyboard; name = Base; path = Base.lproj/Main.storyboard; sourceTree = "<group>"; };
		B63E30681CD91FDA00842E68 /* Assets.xcassets */ = {isa = PBXFileReference; lastKnownFileType = folder.assetcatalog; path = Assets.xcassets; sourceTree = "<group>"; };
		B63E306B1CD91FDA00842E68 /* Base */ = {isa = PBXFileReference; lastKnownFileType = file.storyboard; name = Base; path = Base.lproj/LaunchScreen.storyboard; sourceTree = "<group>"; };
		B63E306D1CD91FDA00842E68 /* Info.plist */ = {isa = PBXFileReference; lastKnownFileType = text.plist.xml; path = Info.plist; sourceTree = "<group>"; };
		B63E30721CD91FDA00842E68 /* DreamFactoryEZTests.xctest */ = {isa = PBXFileReference; explicitFileType = wrapper.cfbundle; includeInIndex = 0; path = DreamFactoryEZTests.xctest; sourceTree = BUILT_PRODUCTS_DIR; };
		B63E30761CD91FDA00842E68 /* DreamFactoryEZTests.swift */ = {isa = PBXFileReference; lastKnownFileType = sourcecode.swift; path = DreamFactoryEZTests.swift; sourceTree = "<group>"; };
		B63E30781CD91FDA00842E68 /* Info.plist */ = {isa = PBXFileReference; lastKnownFileType = text.plist.xml; path = Info.plist; sourceTree = "<group>"; };
		B6BE3C1A1CDA661E00B15BEB /* SignInViewController.swift */ = {isa = PBXFileReference; fileEncoding = 4; lastKnownFileType = sourcecode.swift; path = SignInViewController.swift; sourceTree = "<group>"; };
		B6BE3C1B1CDA661E00B15BEB /* ContactsViewController.swift */ = {isa = PBXFileReference; fileEncoding = 4; lastKnownFileType = sourcecode.swift; path = ContactsViewController.swift; sourceTree = "<group>"; };
		B6BE3C1F1CDA665C00B15BEB /* RESTClient.swift */ = {isa = PBXFileReference; fileEncoding = 4; lastKnownFileType = sourcecode.swift; path = RESTClient.swift; sourceTree = "<group>"; };
		B6BE3C241CDA66A500B15BEB /* ContactDetailRecord.swift */ = {isa = PBXFileReference; fileEncoding = 4; lastKnownFileType = sourcecode.swift; path = ContactDetailRecord.swift; sourceTree = "<group>"; };
		B6BE3C251CDA66A500B15BEB /* ContactRecord.swift */ = {isa = PBXFileReference; fileEncoding = 4; lastKnownFileType = sourcecode.swift; path = ContactRecord.swift; sourceTree = "<group>"; };
		B6BE3C261CDA66A500B15BEB /* GroupRecord.swift */ = {isa = PBXFileReference; fileEncoding = 4; lastKnownFileType = sourcecode.swift; path = GroupRecord.swift; sourceTree = "<group>"; };
		B6BE3C2A1CDA686B00B15BEB /* JSON.swift */ = {isa = PBXFileReference; fileEncoding = 4; lastKnownFileType = sourcecode.swift; path = JSON.swift; sourceTree = "<group>"; };
		B6FCB6DD1CDB653000E1728C /* DataAccess.swift */ = {isa = PBXFileReference; fileEncoding = 4; lastKnownFileType = sourcecode.swift; path = DataAccess.swift; sourceTree = "<group>"; };
/* End PBXFileReference section */

/* Begin PBXFrameworksBuildPhase section */
		B63E305B1CD91FD900842E68 /* Frameworks */ = {
			isa = PBXFrameworksBuildPhase;
			buildActionMask = 2147483647;
			files = (
			);
			runOnlyForDeploymentPostprocessing = 0;
		};
		B63E306F1CD91FDA00842E68 /* Frameworks */ = {
			isa = PBXFrameworksBuildPhase;
			buildActionMask = 2147483647;
			files = (
			);
			runOnlyForDeploymentPostprocessing = 0;
		};
/* End PBXFrameworksBuildPhase section */

/* Begin PBXGroup section */
		B63E30551CD91FD900842E68 = {
			isa = PBXGroup;
			children = (
				B63E30601CD91FD900842E68 /* DreamFactoryEZ */,
				B63E30751CD91FDA00842E68 /* DreamFactoryEZTests */,
				B63E305F1CD91FD900842E68 /* Products */,
			);
			sourceTree = "<group>";
		};
		B63E305F1CD91FD900842E68 /* Products */ = {
			isa = PBXGroup;
			children = (
				B63E305E1CD91FD900842E68 /* DreamFactoryEZ.app */,
				B63E30721CD91FDA00842E68 /* DreamFactoryEZTests.xctest */,
			);
			name = Products;
			sourceTree = "<group>";
		};
		B63E30601CD91FD900842E68 /* DreamFactoryEZ */ = {
			isa = PBXGroup;
			children = (
				B6BE3C231CDA66A500B15BEB /* Model */,
				B6BE3C1E1CDA663600B15BEB /* API */,
				B6BE3C191CDA65E200B15BEB /* ViewControllers */,
				B63E30611CD91FD900842E68 /* AppDelegate.swift */,
				B63E30651CD91FDA00842E68 /* Main.storyboard */,
				B63E30681CD91FDA00842E68 /* Assets.xcassets */,
				B63E306A1CD91FDA00842E68 /* LaunchScreen.storyboard */,
				B63E306D1CD91FDA00842E68 /* Info.plist */,
			);
			path = DreamFactoryEZ;
			sourceTree = "<group>";
		};
		B63E30751CD91FDA00842E68 /* DreamFactoryEZTests */ = {
			isa = PBXGroup;
			children = (
				B63E30761CD91FDA00842E68 /* DreamFactoryEZTests.swift */,
				B63E30781CD91FDA00842E68 /* Info.plist */,
			);
			path = DreamFactoryEZTests;
			sourceTree = "<group>";
		};
		B6BE3C191CDA65E200B15BEB /* ViewControllers */ = {
			isa = PBXGroup;
			children = (
				B6BE3C1A1CDA661E00B15BEB /* SignInViewController.swift */,
				B6BE3C1B1CDA661E00B15BEB /* ContactsViewController.swift */,
			);
			path = ViewControllers;
			sourceTree = "<group>";
		};
		B6BE3C1E1CDA663600B15BEB /* API */ = {
			isa = PBXGroup;
			children = (
				B6BE3C2A1CDA686B00B15BEB /* JSON.swift */,
				B6BE3C1F1CDA665C00B15BEB /* RESTClient.swift */,
				B6FCB6DD1CDB653000E1728C /* DataAccess.swift */,
			);
			path = API;
			sourceTree = "<group>";
		};
		B6BE3C231CDA66A500B15BEB /* Model */ = {
			isa = PBXGroup;
			children = (
				B6BE3C241CDA66A500B15BEB /* ContactDetailRecord.swift */,
				B6BE3C251CDA66A500B15BEB /* ContactRecord.swift */,
				B6BE3C261CDA66A500B15BEB /* GroupRecord.swift */,
			);
			path = Model;
			sourceTree = "<group>";
		};
/* End PBXGroup section */

/* Begin PBXNativeTarget section */
		B63E305D1CD91FD900842E68 /* DreamFactoryEZ */ = {
			isa = PBXNativeTarget;
			buildConfigurationList = B63E307B1CD91FDA00842E68 /* Build configuration list for PBXNativeTarget "DreamFactoryEZ" */;
			buildPhases = (
				B63E305A1CD91FD900842E68 /* Sources */,
				B63E305B1CD91FD900842E68 /* Frameworks */,
				B63E305C1CD91FD900842E68 /* Resources */,
			);
			buildRules = (
			);
			dependencies = (
			);
			name = DreamFactoryEZ;
			productName = DreamFactoryEZ;
			productReference = B63E305E1CD91FD900842E68 /* DreamFactoryEZ.app */;
			productType = "com.apple.product-type.application";
		};
		B63E30711CD91FDA00842E68 /* DreamFactoryEZTests */ = {
			isa = PBXNativeTarget;
			buildConfigurationList = B63E307E1CD91FDA00842E68 /* Build configuration list for PBXNativeTarget "DreamFactoryEZTests" */;
			buildPhases = (
				B63E306E1CD91FDA00842E68 /* Sources */,
				B63E306F1CD91FDA00842E68 /* Frameworks */,
				B63E30701CD91FDA00842E68 /* Resources */,
			);
			buildRules = (
			);
			dependencies = (
				B63E30741CD91FDA00842E68 /* PBXTargetDependency */,
			);
			name = DreamFactoryEZTests;
			productName = DreamFactoryEZTests;
			productReference = B63E30721CD91FDA00842E68 /* DreamFactoryEZTests.xctest */;
			productType = "com.apple.product-type.bundle.unit-test";
		};
/* End PBXNativeTarget section */

/* Begin PBXProject section */
		B63E30561CD91FD900842E68 /* Project object */ = {
			isa = PBXProject;
			attributes = {
				LastSwiftUpdateCheck = 0730;
				LastUpgradeCheck = 0730;
				ORGANIZATIONNAME = "Eric Elfner";
				TargetAttributes = {
					B63E305D1CD91FD900842E68 = {
						CreatedOnToolsVersion = 7.3;
					};
					B63E30711CD91FDA00842E68 = {
						CreatedOnToolsVersion = 7.3;
						TestTargetID = B63E305D1CD91FD900842E68;
					};
				};
			};
			buildConfigurationList = B63E30591CD91FD900842E68 /* Build configuration list for PBXProject "DreamFactoryEZ" */;
			compatibilityVersion = "Xcode 3.2";
			developmentRegion = English;
			hasScannedForEncodings = 0;
			knownRegions = (
				en,
				Base,
			);
			mainGroup = B63E30551CD91FD900842E68;
			productRefGroup = B63E305F1CD91FD900842E68 /* Products */;
			projectDirPath = "";
			projectRoot = "";
			targets = (
				B63E305D1CD91FD900842E68 /* DreamFactoryEZ */,
				B63E30711CD91FDA00842E68 /* DreamFactoryEZTests */,
			);
		};
/* End PBXProject section */

/* Begin PBXResourcesBuildPhase section */
		B63E305C1CD91FD900842E68 /* Resources */ = {
			isa = PBXResourcesBuildPhase;
			buildActionMask = 2147483647;
			files = (
				B63E306C1CD91FDA00842E68 /* LaunchScreen.storyboard in Resources */,
				B63E30691CD91FDA00842E68 /* Assets.xcassets in Resources */,
				B63E30671CD91FDA00842E68 /* Main.storyboard in Resources */,
			);
			runOnlyForDeploymentPostprocessing = 0;
		};
		B63E30701CD91FDA00842E68 /* Resources */ = {
			isa = PBXResourcesBuildPhase;
			buildActionMask = 2147483647;
			files = (
			);
			runOnlyForDeploymentPostprocessing = 0;
		};
/* End PBXResourcesBuildPhase section */

/* Begin PBXSourcesBuildPhase section */
		B63E305A1CD91FD900842E68 /* Sources */ = {
			isa = PBXSourcesBuildPhase;
			buildActionMask = 2147483647;
			files = (
				B6BE3C1D1CDA661E00B15BEB /* ContactsViewController.swift in Sources */,
				B63E30621CD91FD900842E68 /* AppDelegate.swift in Sources */,
				B6BE3C201CDA665C00B15BEB /* RESTClient.swift in Sources */,
				B6BE3C271CDA66A500B15BEB /* ContactDetailRecord.swift in Sources */,
				B6BE3C1C1CDA661E00B15BEB /* SignInViewController.swift in Sources */,
				B6BE3C291CDA66A500B15BEB /* GroupRecord.swift in Sources */,
				B6BE3C281CDA66A500B15BEB /* ContactRecord.swift in Sources */,
				B6BE3C2B1CDA686B00B15BEB /* JSON.swift in Sources */,
				B6FCB6DE1CDB653000E1728C /* DataAccess.swift in Sources */,
			);
			runOnlyForDeploymentPostprocessing = 0;
		};
		B63E306E1CD91FDA00842E68 /* Sources */ = {
			isa = PBXSourcesBuildPhase;
			buildActionMask = 2147483647;
			files = (
				B63E30771CD91FDA00842E68 /* DreamFactoryEZTests.swift in Sources */,
			);
			runOnlyForDeploymentPostprocessing = 0;
		};
/* End PBXSourcesBuildPhase section */

/* Begin PBXTargetDependency section */
		B63E30741CD91FDA00842E68 /* PBXTargetDependency */ = {
			isa = PBXTargetDependency;
			target = B63E305D1CD91FD900842E68 /* DreamFactoryEZ */;
			targetProxy = B63E30731CD91FDA00842E68 /* PBXContainerItemProxy */;
		};
/* End PBXTargetDependency section */

/* Begin PBXVariantGroup section */
		B63E30651CD91FDA00842E68 /* Main.storyboard */ = {
			isa = PBXVariantGroup;
			children = (
				B63E30661CD91FDA00842E68 /* Base */,
			);
			name = Main.storyboard;
			sourceTree = "<group>";
		};
		B63E306A1CD91FDA00842E68 /* LaunchScreen.storyboard */ = {
			isa = PBXVariantGroup;
			children = (
				B63E306B1CD91FDA00842E68 /* Base */,
			);
			name = LaunchScreen.storyboard;
			sourceTree = "<group>";
		};
/* End PBXVariantGroup section */

/* Begin XCBuildConfiguration section */
		B63E30791CD91FDA00842E68 /* Debug */ = {
			isa = XCBuildConfiguration;
			buildSettings = {
				ALWAYS_SEARCH_USER_PATHS = NO;
				CLANG_ANALYZER_NONNULL = YES;
				CLANG_CXX_LANGUAGE_STANDARD = "gnu++0x";
				CLANG_CXX_LIBRARY = "libc++";
				CLANG_ENABLE_MODULES = YES;
				CLANG_ENABLE_OBJC_ARC = YES;
				CLANG_WARN_BOOL_CONVERSION = YES;
				CLANG_WARN_CONSTANT_CONVERSION = YES;
				CLANG_WARN_DIRECT_OBJC_ISA_USAGE = YES_ERROR;
				CLANG_WARN_EMPTY_BODY = YES;
				CLANG_WARN_ENUM_CONVERSION = YES;
				CLANG_WARN_INT_CONVERSION = YES;
				CLANG_WARN_OBJC_ROOT_CLASS = YES_ERROR;
				CLANG_WARN_UNREACHABLE_CODE = YES;
				CLANG_WARN__DUPLICATE_METHOD_MATCH = YES;
				"CODE_SIGN_IDENTITY[sdk=iphoneos*]" = "iPhone Developer";
				COPY_PHASE_STRIP = NO;
				DEBUG_INFORMATION_FORMAT = dwarf;
				ENABLE_STRICT_OBJC_MSGSEND = YES;
				ENABLE_TESTABILITY = YES;
				GCC_C_LANGUAGE_STANDARD = gnu99;
				GCC_DYNAMIC_NO_PIC = NO;
				GCC_NO_COMMON_BLOCKS = YES;
				GCC_OPTIMIZATION_LEVEL = 0;
				GCC_PREPROCESSOR_DEFINITIONS = (
					"DEBUG=1",
					"$(inherited)",
				);
				GCC_WARN_64_TO_32_BIT_CONVERSION = YES;
				GCC_WARN_ABOUT_RETURN_TYPE = YES_ERROR;
				GCC_WARN_UNDECLARED_SELECTOR = YES;
				GCC_WARN_UNINITIALIZED_AUTOS = YES_AGGRESSIVE;
				GCC_WARN_UNUSED_FUNCTION = YES;
				GCC_WARN_UNUSED_VARIABLE = YES;
				IPHONEOS_DEPLOYMENT_TARGET = 9.3;
				MTL_ENABLE_DEBUG_INFO = YES;
				ONLY_ACTIVE_ARCH = YES;
				SDKROOT = iphoneos;
				SWIFT_OPTIMIZATION_LEVEL = "-Onone";
				TARGETED_DEVICE_FAMILY = "1,2";
			};
			name = Debug;
		};
		B63E307A1CD91FDA00842E68 /* Release */ = {
			isa = XCBuildConfiguration;
			buildSettings = {
				ALWAYS_SEARCH_USER_PATHS = NO;
				CLANG_ANALYZER_NONNULL = YES;
				CLANG_CXX_LANGUAGE_STANDARD = "gnu++0x";
				CLANG_CXX_LIBRARY = "libc++";
				CLANG_ENABLE_MODULES = YES;
				CLANG_ENABLE_OBJC_ARC = YES;
				CLANG_WARN_BOOL_CONVERSION = YES;
				CLANG_WARN_CONSTANT_CONVERSION = YES;
				CLANG_WARN_DIRECT_OBJC_ISA_USAGE = YES_ERROR;
				CLANG_WARN_EMPTY_BODY = YES;
				CLANG_WARN_ENUM_CONVERSION = YES;
				CLANG_WARN_INT_CONVERSION = YES;
				CLANG_WARN_OBJC_ROOT_CLASS = YES_ERROR;
				CLANG_WARN_UNREACHABLE_CODE = YES;
				CLANG_WARN__DUPLICATE_METHOD_MATCH = YES;
				"CODE_SIGN_IDENTITY[sdk=iphoneos*]" = "iPhone Developer";
				COPY_PHASE_STRIP = NO;
				DEBUG_INFORMATION_FORMAT = "dwarf-with-dsym";
				ENABLE_NS_ASSERTIONS = NO;
				ENABLE_STRICT_OBJC_MSGSEND = YES;
				GCC_C_LANGUAGE_STANDARD = gnu99;
				GCC_NO_COMMON_BLOCKS = YES;
				GCC_WARN_64_TO_32_BIT_CONVERSION = YES;
				GCC_WARN_ABOUT_RETURN_TYPE = YES_ERROR;
				GCC_WARN_UNDECLARED_SELECTOR = YES;
				GCC_WARN_UNINITIALIZED_AUTOS = YES_AGGRESSIVE;
				GCC_WARN_UNUSED_FUNCTION = YES;
				GCC_WARN_UNUSED_VARIABLE = YES;
				IPHONEOS_DEPLOYMENT_TARGET = 9.3;
				MTL_ENABLE_DEBUG_INFO = NO;
				SDKROOT = iphoneos;
				TARGETED_DEVICE_FAMILY = "1,2";
				VALIDATE_PRODUCT = YES;
			};
			name = Release;
		};
		B63E307C1CD91FDA00842E68 /* Debug */ = {
			isa = XCBuildConfiguration;
			buildSettings = {
				ASSETCATALOG_COMPILER_APPICON_NAME = AppIcon;
				INFOPLIST_FILE = DreamFactoryEZ/Info.plist;
				LD_RUNPATH_SEARCH_PATHS = "$(inherited) @executable_path/Frameworks";
				PRODUCT_BUNDLE_IDENTIFIER = com.zcage.DreamFactoryEZ;
				PRODUCT_NAME = "$(TARGET_NAME)";
			};
			name = Debug;
		};
		B63E307D1CD91FDA00842E68 /* Release */ = {
			isa = XCBuildConfiguration;
			buildSettings = {
				ASSETCATALOG_COMPILER_APPICON_NAME = AppIcon;
				INFOPLIST_FILE = DreamFactoryEZ/Info.plist;
				LD_RUNPATH_SEARCH_PATHS = "$(inherited) @executable_path/Frameworks";
				PRODUCT_BUNDLE_IDENTIFIER = com.zcage.DreamFactoryEZ;
				PRODUCT_NAME = "$(TARGET_NAME)";
			};
			name = Release;
		};
		B63E307F1CD91FDA00842E68 /* Debug */ = {
			isa = XCBuildConfiguration;
			buildSettings = {
				BUNDLE_LOADER = "$(TEST_HOST)";
				INFOPLIST_FILE = DreamFactoryEZTests/Info.plist;
				LD_RUNPATH_SEARCH_PATHS = "$(inherited) @executable_path/Frameworks @loader_path/Frameworks";
				PRODUCT_BUNDLE_IDENTIFIER = com.zcage.DreamFactoryEZTests;
				PRODUCT_NAME = "$(TARGET_NAME)";
				TEST_HOST = "$(BUILT_PRODUCTS_DIR)/DreamFactoryEZ.app/DreamFactoryEZ";
			};
			name = Debug;
		};
		B63E30801CD91FDA00842E68 /* Release */ = {
			isa = XCBuildConfiguration;
			buildSettings = {
				BUNDLE_LOADER = "$(TEST_HOST)";
				INFOPLIST_FILE = DreamFactoryEZTests/Info.plist;
				LD_RUNPATH_SEARCH_PATHS = "$(inherited) @executable_path/Frameworks @loader_path/Frameworks";
				PRODUCT_BUNDLE_IDENTIFIER = com.zcage.DreamFactoryEZTests;
				PRODUCT_NAME = "$(TARGET_NAME)";
				TEST_HOST = "$(BUILT_PRODUCTS_DIR)/DreamFactoryEZ.app/DreamFactoryEZ";
			};
			name = Release;
		};
/* End XCBuildConfiguration section */

/* Begin XCConfigurationList section */
		B63E30591CD91FD900842E68 /* Build configuration list for PBXProject "DreamFactoryEZ" */ = {
			isa = XCConfigurationList;
			buildConfigurations = (
				B63E30791CD91FDA00842E68 /* Debug */,
				B63E307A1CD91FDA00842E68 /* Release */,
			);
			defaultConfigurationIsVisible = 0;
			defaultConfigurationName = Release;
		};
		B63E307B1CD91FDA00842E68 /* Build configuration list for PBXNativeTarget "DreamFactoryEZ" */ = {
			isa = XCConfigurationList;
			buildConfigurations = (
				B63E307C1CD91FDA00842E68 /* Debug */,
				B63E307D1CD91FDA00842E68 /* Release */,
			);
			defaultConfigurationIsVisible = 0;
			defaultConfigurationName = Release;
		};
		B63E307E1CD91FDA00842E68 /* Build configuration list for PBXNativeTarget "DreamFactoryEZTests" */ = {
			isa = XCConfigurationList;
			buildConfigurations = (
				B63E307F1CD91FDA00842E68 /* Debug */,
				B63E30801CD91FDA00842E68 /* Release */,
			);
			defaultConfigurationIsVisible = 0;
			defaultConfigurationName = Release;
		};
/* End XCConfigurationList section */
	};
	rootObject = B63E30561CD91FD900842E68 /* Project object */;
}
